
Microsoft Visual Studio Solution File, Format Version 11.00
# Visual Studio 2010
Project("{FAE04EC0-301F-11D3-BF4B-00C04F79EFBC}") = "EnergyCAP", "EnergyCAP.csproj", "{7228B0D0-D5C1-4725-8392-48E0600E693E}"
EndProject
Global
	GlobalSection(SolutionConfigurationPlatforms) = preSolution
		Debug|Any CPU = Debug|Any CPU
		Release|Any CPU = Release|Any CPU
	EndGlobalSection
	GlobalSection(ProjectConfigurationPlatforms) = postSolution
		{7228B0D0-D5C1-4725-8392-48E0600E693E}.Debug|Any CPU.ActiveCfg = Debug|Any CPU
		{7228B0D0-D5C1-4725-8392-48E0600E693E}.Debug|Any CPU.Build.0 = Debug|Any CPU
		{7228B0D0-D5C1-4725-8392-48E0600E693E}.Release|Any CPU.ActiveCfg = Release|Any CPU
		{7228B0D0-D5C1-4725-8392-48E0600E693E}.Release|Any CPU.Build.0 = Release|Any CPU
	EndGlobalSection
	GlobalSection(SolutionProperties) = preSolution
		HideSolutionNode = FALSE
	EndGlobalSection
EndGlobal
